
Microsoft Visual Studio Solution File, Format Version 12.00
# Visual Studio Version 16
VisualStudioVersion = 16.0.28803.156
MinimumVisualStudioVersion = 10.0.40219.1
Project("{FAE04EC0-301F-11D3-BF4B-00C04F79EFBC}") = "mvc", "mvc\mvc.csproj", "{4DE35BB3-9385-433B-8C37-D1A37C6A4E2A}"
EndProject
Global
	GlobalSection(SolutionConfigurationPlatforms) = preSolution
		Debug|Any CPU = Debug|Any CPU
		Release|Any CPU = Release|Any CPU
	EndGlobalSection
	GlobalSection(ProjectConfigurationPlatforms) = postSolution
		{4DE35BB3-9385-433B-8C37-D1A37C6A4E2A}.Debug|Any CPU.ActiveCfg = Debug|Any CPU
		{4DE35BB3-9385-433B-8C37-D1A37C6A4E2A}.Debug|Any CPU.Build.0 = Debug|Any CPU
		{4DE35BB3-9385-433B-8C37-D1A37C6A4E2A}.Release|Any CPU.ActiveCfg = Release|Any CPU
		{4DE35BB3-9385-433B-8C37-D1A37C6A4E2A}.Release|Any CPU.Build.0 = Release|Any CPU
	EndGlobalSection
	GlobalSection(SolutionProperties) = preSolution
		HideSolutionNode = FALSE
	EndGlobalSection
	GlobalSection(ExtensibilityGlobals) = postSolution
		SolutionGuid = {E2E297F7-0A60-4914-9A03-15A0ABC6EA13}
	EndGlobalSection
EndGlobal
